
Microsoft Visual Studio Solution File, Format Version 12.00
# Visual Studio Version 16
VisualStudioVersion = 16.0.31829.152
MinimumVisualStudioVersion = 10.0.40219.1
Project("{FAE04EC0-301F-11D3-BF4B-00C04F79EFBC}") = "Lesson8_2_1", "Lesson8_2_1\Lesson8_2_1.csproj", "{A95FE1A4-8DA2-4B4F-8C19-2546100717F0}"
EndProject
Global
	GlobalSection(SolutionConfigurationPlatforms) = preSolution
		Debug|Any CPU = Debug|Any CPU
		Release|Any CPU = Release|Any CPU
	EndGlobalSection
	GlobalSection(ProjectConfigurationPlatforms) = postSolution
		{A95FE1A4-8DA2-4B4F-8C19-2546100717F0}.Debug|Any CPU.ActiveCfg = Debug|Any CPU
		{A95FE1A4-8DA2-4B4F-8C19-2546100717F0}.Debug|Any CPU.Build.0 = Debug|Any CPU
		{A95FE1A4-8DA2-4B4F-8C19-2546100717F0}.Release|Any CPU.ActiveCfg = Release|Any CPU
		{A95FE1A4-8DA2-4B4F-8C19-2546100717F0}.Release|Any CPU.Build.0 = Release|Any CPU
	EndGlobalSection
	GlobalSection(SolutionProperties) = preSolution
		HideSolutionNode = FALSE
	EndGlobalSection
	GlobalSection(ExtensibilityGlobals) = postSolution
		SolutionGuid = {5903A1E9-DB26-4562-8AF3-883F9EB1FEBB}
	EndGlobalSection
EndGlobal
